
Microsoft Visual Studio Solution File, Format Version 12.00
# Visual Studio Version 17
VisualStudioVersion = 17.8.34511.84
MinimumVisualStudioVersion = 10.0.40219.1
Project("{FAE04EC0-301F-11D3-BF4B-00C04F79EFBC}") = "Multidimensional_Arrays", "Multidimensional_Arrays\Multidimensional_Arrays.csproj", "{8BE92E10-589E-45D5-81A0-1069BAE1EB73}"
EndProject
Global
	GlobalSection(SolutionConfigurationPlatforms) = preSolution
		Debug|Any CPU = Debug|Any CPU
		Release|Any CPU = Release|Any CPU
	EndGlobalSection
	GlobalSection(ProjectConfigurationPlatforms) = postSolution
		{8BE92E10-589E-45D5-81A0-1069BAE1EB73}.Debug|Any CPU.ActiveCfg = Debug|Any CPU
		{8BE92E10-589E-45D5-81A0-1069BAE1EB73}.Debug|Any CPU.Build.0 = Debug|Any CPU
		{8BE92E10-589E-45D5-81A0-1069BAE1EB73}.Release|Any CPU.ActiveCfg = Release|Any CPU
		{8BE92E10-589E-45D5-81A0-1069BAE1EB73}.Release|Any CPU.Build.0 = Release|Any CPU
	EndGlobalSection
	GlobalSection(SolutionProperties) = preSolution
		HideSolutionNode = FALSE
	EndGlobalSection
	GlobalSection(ExtensibilityGlobals) = postSolution
		SolutionGuid = {F7519496-CA3D-4D3D-BACF-4107CA07DB13}
	EndGlobalSection
EndGlobal
